
Microsoft Visual Studio Solution File, Format Version 12.00
# Visual Studio 2012
Project("{FAE04EC0-301F-11D3-BF4B-00C04F79EFBC}") = "test", "test\test.csproj", "{2606BEB2-C069-4BF0-A82C-8F0F90FA78FF}"
EndProject
Global
	GlobalSection(SolutionConfigurationPlatforms) = preSolution
		Debug|Any CPU = Debug|Any CPU
		Release|Any CPU = Release|Any CPU
	EndGlobalSection
	GlobalSection(ProjectConfigurationPlatforms) = postSolution
		{2606BEB2-C069-4BF0-A82C-8F0F90FA78FF}.Debug|Any CPU.ActiveCfg = Debug|Any CPU
		{2606BEB2-C069-4BF0-A82C-8F0F90FA78FF}.Debug|Any CPU.Build.0 = Debug|Any CPU
		{2606BEB2-C069-4BF0-A82C-8F0F90FA78FF}.Release|Any CPU.ActiveCfg = Release|Any CPU
		{2606BEB2-C069-4BF0-A82C-8F0F90FA78FF}.Release|Any CPU.Build.0 = Release|Any CPU
	EndGlobalSection
	GlobalSection(SolutionProperties) = preSolution
		HideSolutionNode = FALSE
	EndGlobalSection
EndGlobal
